
Microsoft Visual Studio Solution File, Format Version 12.00
# Visual Studio Version 17
VisualStudioVersion = 17.0.31903.59
MinimumVisualStudioVersion = 10.0.40219.1
Project("{FAE04EC0-301F-11D3-BF4B-00C04F79EFBC}") = "MetinBank.API", "MetinBank.API\MetinBank.API.csproj", "{4C96C431-424E-4D2E-99E5-F34D929FDFE1}"
EndProject
Project("{FAE04EC0-301F-11D3-BF4B-00C04F79EFBC}") = "MetinBank.Core", "MetinBank.Core\MetinBank.Core.csproj", "{04A50C38-17C9-4C42-8C7F-389D41C5C1C4}"
EndProject
Project("{FAE04EC0-301F-11D3-BF4B-00C04F79EFBC}") = "MetinBank.Infrastructure", "MetinBank.Infrastructure\MetinBank.Infrastructure.csproj", "{A9BC0608-0352-4162-B92B-D19AE78F347A}"
EndProject
Project("{FAE04EC0-301F-11D3-BF4B-00C04F79EFBC}") = "MetinBank.Services", "MetinBank.Services\MetinBank.Services.csproj", "{AAFC23FD-9182-4878-849F-4F825DF31857}"
EndProject
Project("{FAE04EC0-301F-11D3-BF4B-00C04F79EFBC}") = "MetinBank.Common.Entity", "MetinBank.Common.Entity\MetinBank.Common.Entity.csproj", "{81AD404C-4654-42B9-91A8-E61A6FED622A}"
EndProject
Project("{FAE04EC0-301F-11D3-BF4B-00C04F79EFBC}") = "MetinBank.Common.Enums", "MetinBank.Common.Enums\MetinBank.Common.Enums.csproj", "{F1FD7F0E-EA68-4805-8972-8FFAC45B6707}"
EndProject
Project("{FAE04EC0-301F-11D3-BF4B-00C04F79EFBC}") = "MetinBank.Common.Helper", "MetinBank.Common.Helper\MetinBank.Common.Helper.csproj", "{54EAD713-D640-4297-8DEF-3D6101B2D888}"
EndProject
Project("{FAE04EC0-301F-11D3-BF4B-00C04F79EFBC}") = "MetinBank.Musteri.Service", "MetinBank.Musteri.Service\MetinBank.Musteri.Service.csproj", "{A9BB0750-4395-4127-B278-DE5D8FE8FEB4}"
EndProject
Project("{FAE04EC0-301F-11D3-BF4B-00C04F79EFBC}") = "MetinBank.Musteri.Interface", "MetinBank.Musteri.Interface\MetinBank.Musteri.Interface.csproj", "{80F5607C-4AC7-435F-B606-09A12D186D3E}"
EndProject
Project("{FAE04EC0-301F-11D3-BF4B-00C04F79EFBC}") = "MetinBank.Musteri.Business", "MetinBank.Musteri.Business\MetinBank.Musteri.Business.csproj", "{1AC764AD-A0EC-413D-9C72-7B3FA6067C5B}"
EndProject
Project("{FAE04EC0-301F-11D3-BF4B-00C04F79EFBC}") = "MetinBank.Musteri.SP", "MetinBank.Musteri.SP\MetinBank.Musteri.SP.csproj", "{8CB98A82-632F-48DD-952B-A5CD51F86206}"
EndProject
Project("{FAE04EC0-301F-11D3-BF4B-00C04F79EFBC}") = "MetinBank.Hesap.Service", "MetinBank.Hesap.Service\MetinBank.Hesap.Service.csproj", "{0D8E2DA4-21FC-41E7-8371-8084F24A58B7}"
EndProject
Project("{FAE04EC0-301F-11D3-BF4B-00C04F79EFBC}") = "MetinBank.Hesap.Interface", "MetinBank.Hesap.Interface\MetinBank.Hesap.Interface.csproj", "{FA5D2745-3317-472C-836E-8FB4A3A63655}"
EndProject
Project("{FAE04EC0-301F-11D3-BF4B-00C04F79EFBC}") = "MetinBank.Hesap.Business", "MetinBank.Hesap.Business\MetinBank.Hesap.Business.csproj", "{65301877-9BB5-4F3E-AD0B-95CE6A128A41}"
EndProject
Project("{FAE04EC0-301F-11D3-BF4B-00C04F79EFBC}") = "MetinBank.Hesap.SP", "MetinBank.Hesap.SP\MetinBank.Hesap.SP.csproj", "{BD0D8E7A-6C00-4752-9B2C-95544E3B64AA}"
EndProject
Global
	GlobalSection(SolutionConfigurationPlatforms) = preSolution
		Debug|Any CPU = Debug|Any CPU
		Debug|x64 = Debug|x64
		Debug|x86 = Debug|x86
		Release|Any CPU = Release|Any CPU
		Release|x64 = Release|x64
		Release|x86 = Release|x86
	EndGlobalSection
	GlobalSection(ProjectConfigurationPlatforms) = postSolution
		{4C96C431-424E-4D2E-99E5-F34D929FDFE1}.Debug|Any CPU.ActiveCfg = Debug|Any CPU
		{4C96C431-424E-4D2E-99E5-F34D929FDFE1}.Debug|Any CPU.Build.0 = Debug|Any CPU
		{4C96C431-424E-4D2E-99E5-F34D929FDFE1}.Debug|x64.ActiveCfg = Debug|Any CPU
		{4C96C431-424E-4D2E-99E5-F34D929FDFE1}.Debug|x64.Build.0 = Debug|Any CPU
		{4C96C431-424E-4D2E-99E5-F34D929FDFE1}.Debug|x86.ActiveCfg = Debug|Any CPU
		{4C96C431-424E-4D2E-99E5-F34D929FDFE1}.Debug|x86.Build.0 = Debug|Any CPU
		{4C96C431-424E-4D2E-99E5-F34D929FDFE1}.Release|Any CPU.ActiveCfg = Release|Any CPU
		{4C96C431-424E-4D2E-99E5-F34D929FDFE1}.Release|Any CPU.Build.0 = Release|Any CPU
		{4C96C431-424E-4D2E-99E5-F34D929FDFE1}.Release|x64.ActiveCfg = Release|Any CPU
		{4C96C431-424E-4D2E-99E5-F34D929FDFE1}.Release|x64.Build.0 = Release|Any CPU
		{4C96C431-424E-4D2E-99E5-F34D929FDFE1}.Release|x86.ActiveCfg = Release|Any CPU
		{4C96C431-424E-4D2E-99E5-F34D929FDFE1}.Release|x86.Build.0 = Release|Any CPU
		{04A50C38-17C9-4C42-8C7F-389D41C5C1C4}.Debug|Any CPU.ActiveCfg = Debug|Any CPU
		{04A50C38-17C9-4C42-8C7F-389D41C5C1C4}.Debug|Any CPU.Build.0 = Debug|Any CPU
		{04A50C38-17C9-4C42-8C7F-389D41C5C1C4}.Debug|x64.ActiveCfg = Debug|Any CPU
		{04A50C38-17C9-4C42-8C7F-389D41C5C1C4}.Debug|x64.Build.0 = Debug|Any CPU
		{04A50C38-17C9-4C42-8C7F-389D41C5C1C4}.Debug|x86.ActiveCfg = Debug|Any CPU
		{04A50C38-17C9-4C42-8C7F-389D41C5C1C4}.Debug|x86.Build.0 = Debug|Any CPU
		{04A50C38-17C9-4C42-8C7F-389D41C5C1C4}.Release|Any CPU.ActiveCfg = Release|Any CPU
		{04A50C38-17C9-4C42-8C7F-389D41C5C1C4}.Release|Any CPU.Build.0 = Release|Any CPU
		{04A50C38-17C9-4C42-8C7F-389D41C5C1C4}.Release|x64.ActiveCfg = Release|Any CPU
		{04A50C38-17C9-4C42-8C7F-389D41C5C1C4}.Release|x64.Build.0 = Release|Any CPU
		{04A50C38-17C9-4C42-8C7F-389D41C5C1C4}.Release|x86.ActiveCfg = Release|Any CPU
		{04A50C38-17C9-4C42-8C7F-389D41C5C1C4}.Release|x86.Build.0 = Release|Any CPU
		{A9BC0608-0352-4162-B92B-D19AE78F347A}.Debug|Any CPU.ActiveCfg = Debug|Any CPU
		{A9BC0608-0352-4162-B92B-D19AE78F347A}.Debug|Any CPU.Build.0 = Debug|Any CPU
		{A9BC0608-0352-4162-B92B-D19AE78F347A}.Debug|x64.ActiveCfg = Debug|Any CPU
		{A9BC0608-0352-4162-B92B-D19AE78F347A}.Debug|x64.Build.0 = Debug|Any CPU
		{A9BC0608-0352-4162-B92B-D19AE78F347A}.Debug|x86.ActiveCfg = Debug|Any CPU
		{A9BC0608-0352-4162-B92B-D19AE78F347A}.Debug|x86.Build.0 = Debug|Any CPU
		{A9BC0608-0352-4162-B92B-D19AE78F347A}.Release|Any CPU.ActiveCfg = Release|Any CPU
		{A9BC0608-0352-4162-B92B-D19AE78F347A}.Release|Any CPU.Build.0 = Release|Any CPU
		{A9BC0608-0352-4162-B92B-D19AE78F347A}.Release|x64.ActiveCfg = Release|Any CPU
		{A9BC0608-0352-4162-B92B-D19AE78F347A}.Release|x64.Build.0 = Release|Any CPU
		{A9BC0608-0352-4162-B92B-D19AE78F347A}.Release|x86.ActiveCfg = Release|Any CPU
		{A9BC0608-0352-4162-B92B-D19AE78F347A}.Release|x86.Build.0 = Release|Any CPU
		{AAFC23FD-9182-4878-849F-4F825DF31857}.Debug|Any CPU.ActiveCfg = Debug|Any CPU
		{AAFC23FD-9182-4878-849F-4F825DF31857}.Debug|Any CPU.Build.0 = Debug|Any CPU
		{AAFC23FD-9182-4878-849F-4F825DF31857}.Debug|x64.ActiveCfg = Debug|Any CPU
		{AAFC23FD-9182-4878-849F-4F825DF31857}.Debug|x64.Build.0 = Debug|Any CPU
		{AAFC23FD-9182-4878-849F-4F825DF31857}.Debug|x86.ActiveCfg = Debug|Any CPU
		{AAFC23FD-9182-4878-849F-4F825DF31857}.Debug|x86.Build.0 = Debug|Any CPU
		{AAFC23FD-9182-4878-849F-4F825DF31857}.Release|Any CPU.ActiveCfg = Release|Any CPU
		{AAFC23FD-9182-4878-849F-4F825DF31857}.Release|Any CPU.Build.0 = Release|Any CPU
		{AAFC23FD-9182-4878-849F-4F825DF31857}.Release|x64.ActiveCfg = Release|Any CPU
		{AAFC23FD-9182-4878-849F-4F825DF31857}.Release|x64.Build.0 = Release|Any CPU
		{AAFC23FD-9182-4878-849F-4F825DF31857}.Release|x86.ActiveCfg = Release|Any CPU
		{AAFC23FD-9182-4878-849F-4F825DF31857}.Release|x86.Build.0 = Release|Any CPU
		{81AD404C-4654-42B9-91A8-E61A6FED622A}.Debug|Any CPU.ActiveCfg = Debug|Any CPU
		{81AD404C-4654-42B9-91A8-E61A6FED622A}.Debug|Any CPU.Build.0 = Debug|Any CPU
		{81AD404C-4654-42B9-91A8-E61A6FED622A}.Debug|x64.ActiveCfg = Debug|Any CPU
		{81AD404C-4654-42B9-91A8-E61A6FED622A}.Debug|x64.Build.0 = Debug|Any CPU
		{81AD404C-4654-42B9-91A8-E61A6FED622A}.Debug|x86.ActiveCfg = Debug|Any CPU
		{81AD404C-4654-42B9-91A8-E61A6FED622A}.Debug|x86.Build.0 = Debug|Any CPU
		{81AD404C-4654-42B9-91A8-E61A6FED622A}.Release|Any CPU.ActiveCfg = Release|Any CPU
		{81AD404C-4654-42B9-91A8-E61A6FED622A}.Release|Any CPU.Build.0 = Release|Any CPU
		{81AD404C-4654-42B9-91A8-E61A6FED622A}.Release|x64.ActiveCfg = Release|Any CPU
		{81AD404C-4654-42B9-91A8-E61A6FED622A}.Release|x64.Build.0 = Release|Any CPU
		{81AD404C-4654-42B9-91A8-E61A6FED622A}.Release|x86.ActiveCfg = Release|Any CPU
		{81AD404C-4654-42B9-91A8-E61A6FED622A}.Release|x86.Build.0 = Release|Any CPU
		{F1FD7F0E-EA68-4805-8972-8FFAC45B6707}.Debug|Any CPU.ActiveCfg = Debug|Any CPU
		{F1FD7F0E-EA68-4805-8972-8FFAC45B6707}.Debug|Any CPU.Build.0 = Debug|Any CPU
		{F1FD7F0E-EA68-4805-8972-8FFAC45B6707}.Debug|x64.ActiveCfg = Debug|Any CPU
		{F1FD7F0E-EA68-4805-8972-8FFAC45B6707}.Debug|x64.Build.0 = Debug|Any CPU
		{F1FD7F0E-EA68-4805-8972-8FFAC45B6707}.Debug|x86.ActiveCfg = Debug|Any CPU
		{F1FD7F0E-EA68-4805-8972-8FFAC45B6707}.Debug|x86.Build.0 = Debug|Any CPU
		{F1FD7F0E-EA68-4805-8972-8FFAC45B6707}.Release|Any CPU.ActiveCfg = Release|Any CPU
		{F1FD7F0E-EA68-4805-8972-8FFAC45B6707}.Release|Any CPU.Build.0 = Release|Any CPU
		{F1FD7F0E-EA68-4805-8972-8FFAC45B6707}.Release|x64.ActiveCfg = Release|Any CPU
		{F1FD7F0E-EA68-4805-8972-8FFAC45B6707}.Release|x64.Build.0 = Release|Any CPU
		{F1FD7F0E-EA68-4805-8972-8FFAC45B6707}.Release|x86.ActiveCfg = Release|Any CPU
		{F1FD7F0E-EA68-4805-8972-8FFAC45B6707}.Release|x86.Build.0 = Release|Any CPU
		{54EAD713-D640-4297-8DEF-3D6101B2D888}.Debug|Any CPU.ActiveCfg = Debug|Any CPU
		{54EAD713-D640-4297-8DEF-3D6101B2D888}.Debug|Any CPU.Build.0 = Debug|Any CPU
		{54EAD713-D640-4297-8DEF-3D6101B2D888}.Debug|x64.ActiveCfg = Debug|Any CPU
		{54EAD713-D640-4297-8DEF-3D6101B2D888}.Debug|x64.Build.0 = Debug|Any CPU
		{54EAD713-D640-4297-8DEF-3D6101B2D888}.Debug|x86.ActiveCfg = Debug|Any CPU
		{54EAD713-D640-4297-8DEF-3D6101B2D888}.Debug|x86.Build.0 = Debug|Any CPU
		{54EAD713-D640-4297-8DEF-3D6101B2D888}.Release|Any CPU.ActiveCfg = Release|Any CPU
		{54EAD713-D640-4297-8DEF-3D6101B2D888}.Release|Any CPU.Build.0 = Release|Any CPU
		{54EAD713-D640-4297-8DEF-3D6101B2D888}.Release|x64.ActiveCfg = Release|Any CPU
		{54EAD713-D640-4297-8DEF-3D6101B2D888}.Release|x64.Build.0 = Release|Any CPU
		{54EAD713-D640-4297-8DEF-3D6101B2D888}.Release|x86.ActiveCfg = Release|Any CPU
		{54EAD713-D640-4297-8DEF-3D6101B2D888}.Release|x86.Build.0 = Release|Any CPU
		{A9BB0750-4395-4127-B278-DE5D8FE8FEB4}.Debug|Any CPU.ActiveCfg = Debug|Any CPU
		{A9BB0750-4395-4127-B278-DE5D8FE8FEB4}.Debug|Any CPU.Build.0 = Debug|Any CPU
		{A9BB0750-4395-4127-B278-DE5D8FE8FEB4}.Debug|x64.ActiveCfg = Debug|Any CPU
		{A9BB0750-4395-4127-B278-DE5D8FE8FEB4}.Debug|x64.Build.0 = Debug|Any CPU
		{A9BB0750-4395-4127-B278-DE5D8FE8FEB4}.Debug|x86.ActiveCfg = Debug|Any CPU
		{A9BB0750-4395-4127-B278-DE5D8FE8FEB4}.Debug|x86.Build.0 = Debug|Any CPU
		{A9BB0750-4395-4127-B278-DE5D8FE8FEB4}.Release|Any CPU.ActiveCfg = Release|Any CPU
		{A9BB0750-4395-4127-B278-DE5D8FE8FEB4}.Release|Any CPU.Build.0 = Release|Any CPU
		{A9BB0750-4395-4127-B278-DE5D8FE8FEB4}.Release|x64.ActiveCfg = Release|Any CPU
		{A9BB0750-4395-4127-B278-DE5D8FE8FEB4}.Release|x64.Build.0 = Release|Any CPU
		{A9BB0750-4395-4127-B278-DE5D8FE8FEB4}.Release|x86.ActiveCfg = Release|Any CPU
		{A9BB0750-4395-4127-B278-DE5D8FE8FEB4}.Release|x86.Build.0 = Release|Any CPU
		{80F5607C-4AC7-435F-B606-09A12D186D3E}.Debug|Any CPU.ActiveCfg = Debug|Any CPU
		{80F5607C-4AC7-435F-B606-09A12D186D3E}.Debug|Any CPU.Build.0 = Debug|Any CPU
		{80F5607C-4AC7-435F-B606-09A12D186D3E}.Debug|x64.ActiveCfg = Debug|Any CPU
		{80F5607C-4AC7-435F-B606-09A12D186D3E}.Debug|x64.Build.0 = Debug|Any CPU
		{80F5607C-4AC7-435F-B606-09A12D186D3E}.Debug|x86.ActiveCfg = Debug|Any CPU
		{80F5607C-4AC7-435F-B606-09A12D186D3E}.Debug|x86.Build.0 = Debug|Any CPU
		{80F5607C-4AC7-435F-B606-09A12D186D3E}.Release|Any CPU.ActiveCfg = Release|Any CPU
		{80F5607C-4AC7-435F-B606-09A12D186D3E}.Release|Any CPU.Build.0 = Release|Any CPU
		{80F5607C-4AC7-435F-B606-09A12D186D3E}.Release|x64.ActiveCfg = Release|Any CPU
		{80F5607C-4AC7-435F-B606-09A12D186D3E}.Release|x64.Build.0 = Release|Any CPU
		{80F5607C-4AC7-435F-B606-09A12D186D3E}.Release|x86.ActiveCfg = Release|Any CPU
		{80F5607C-4AC7-435F-B606-09A12D186D3E}.Release|x86.Build.0 = Release|Any CPU
		{1AC764AD-A0EC-413D-9C72-7B3FA6067C5B}.Debug|Any CPU.ActiveCfg = Debug|Any CPU
		{1AC764AD-A0EC-413D-9C72-7B3FA6067C5B}.Debug|Any CPU.Build.0 = Debug|Any CPU
		{1AC764AD-A0EC-413D-9C72-7B3FA6067C5B}.Debug|x64.ActiveCfg = Debug|Any CPU
		{1AC764AD-A0EC-413D-9C72-7B3FA6067C5B}.Debug|x64.Build.0 = Debug|Any CPU
		{1AC764AD-A0EC-413D-9C72-7B3FA6067C5B}.Debug|x86.ActiveCfg = Debug|Any CPU
		{1AC764AD-A0EC-413D-9C72-7B3FA6067C5B}.Debug|x86.Build.0 = Debug|Any CPU
		{1AC764AD-A0EC-413D-9C72-7B3FA6067C5B}.Release|Any CPU.ActiveCfg = Release|Any CPU
		{1AC764AD-A0EC-413D-9C72-7B3FA6067C5B}.Release|Any CPU.Build.0 = Release|Any CPU
		{1AC764AD-A0EC-413D-9C72-7B3FA6067C5B}.Release|x64.ActiveCfg = Release|Any CPU
		{1AC764AD-A0EC-413D-9C72-7B3FA6067C5B}.Release|x64.Build.0 = Release|Any CPU
		{1AC764AD-A0EC-413D-9C72-7B3FA6067C5B}.Release|x86.ActiveCfg = Release|Any CPU
		{1AC764AD-A0EC-413D-9C72-7B3FA6067C5B}.Release|x86.Build.0 = Release|Any CPU
		{8CB98A82-632F-48DD-952B-A5CD51F86206}.Debug|Any CPU.ActiveCfg = Debug|Any CPU
		{8CB98A82-632F-48DD-952B-A5CD51F86206}.Debug|Any CPU.Build.0 = Debug|Any CPU
		{8CB98A82-632F-48DD-952B-A5CD51F86206}.Debug|x64.ActiveCfg = Debug|Any CPU
		{8CB98A82-632F-48DD-952B-A5CD51F86206}.Debug|x64.Build.0 = Debug|Any CPU
		{8CB98A82-632F-48DD-952B-A5CD51F86206}.Debug|x86.ActiveCfg = Debug|Any CPU
		{8CB98A82-632F-48DD-952B-A5CD51F86206}.Debug|x86.Build.0 = Debug|Any CPU
		{8CB98A82-632F-48DD-952B-A5CD51F86206}.Release|Any CPU.ActiveCfg = Release|Any CPU
		{8CB98A82-632F-48DD-952B-A5CD51F86206}.Release|Any CPU.Build.0 = Release|Any CPU
		{8CB98A82-632F-48DD-952B-A5CD51F86206}.Release|x64.ActiveCfg = Release|Any CPU
		{8CB98A82-632F-48DD-952B-A5CD51F86206}.Release|x64.Build.0 = Release|Any CPU
		{8CB98A82-632F-48DD-952B-A5CD51F86206}.Release|x86.ActiveCfg = Release|Any CPU
		{8CB98A82-632F-48DD-952B-A5CD51F86206}.Release|x86.Build.0 = Release|Any CPU
		{0D8E2DA4-21FC-41E7-8371-8084F24A58B7}.Debug|Any CPU.ActiveCfg = Debug|Any CPU
		{0D8E2DA4-21FC-41E7-8371-8084F24A58B7}.Debug|Any CPU.Build.0 = Debug|Any CPU
		{0D8E2DA4-21FC-41E7-8371-8084F24A58B7}.Debug|x64.ActiveCfg = Debug|Any CPU
		{0D8E2DA4-21FC-41E7-8371-8084F24A58B7}.Debug|x64.Build.0 = Debug|Any CPU
		{0D8E2DA4-21FC-41E7-8371-8084F24A58B7}.Debug|x86.ActiveCfg = Debug|Any CPU
		{0D8E2DA4-21FC-41E7-8371-8084F24A58B7}.Debug|x86.Build.0 = Debug|Any CPU
		{0D8E2DA4-21FC-41E7-8371-8084F24A58B7}.Release|Any CPU.ActiveCfg = Release|Any CPU
		{0D8E2DA4-21FC-41E7-8371-8084F24A58B7}.Release|Any CPU.Build.0 = Release|Any CPU
		{0D8E2DA4-21FC-41E7-8371-8084F24A58B7}.Release|x64.ActiveCfg = Release|Any CPU
		{0D8E2DA4-21FC-41E7-8371-8084F24A58B7}.Release|x64.Build.0 = Release|Any CPU
		{0D8E2DA4-21FC-41E7-8371-8084F24A58B7}.Release|x86.ActiveCfg = Release|Any CPU
		{0D8E2DA4-21FC-41E7-8371-8084F24A58B7}.Release|x86.Build.0 = Release|Any CPU
		{FA5D2745-3317-472C-836E-8FB4A3A63655}.Debug|Any CPU.ActiveCfg = Debug|Any CPU
		{FA5D2745-3317-472C-836E-8FB4A3A63655}.Debug|Any CPU.Build.0 = Debug|Any CPU
		{FA5D2745-3317-472C-836E-8FB4A3A63655}.Debug|x64.ActiveCfg = Debug|Any CPU
		{FA5D2745-3317-472C-836E-8FB4A3A63655}.Debug|x64.Build.0 = Debug|Any CPU
		{FA5D2745-3317-472C-836E-8FB4A3A63655}.Debug|x86.ActiveCfg = Debug|Any CPU
		{FA5D2745-3317-472C-836E-8FB4A3A63655}.Debug|x86.Build.0 = Debug|Any CPU
		{FA5D2745-3317-472C-836E-8FB4A3A63655}.Release|Any CPU.ActiveCfg = Release|Any CPU
		{FA5D2745-3317-472C-836E-8FB4A3A63655}.Release|Any CPU.Build.0 = Release|Any CPU
		{FA5D2745-3317-472C-836E-8FB4A3A63655}.Release|x64.ActiveCfg = Release|Any CPU
		{FA5D2745-3317-472C-836E-8FB4A3A63655}.Release|x64.Build.0 = Release|Any CPU
		{FA5D2745-3317-472C-836E-8FB4A3A63655}.Release|x86.ActiveCfg = Release|Any CPU
		{FA5D2745-3317-472C-836E-8FB4A3A63655}.Release|x86.Build.0 = Release|Any CPU
		{65301877-9BB5-4F3E-AD0B-95CE6A128A41}.Debug|Any CPU.ActiveCfg = Debug|Any CPU
		{65301877-9BB5-4F3E-AD0B-95CE6A128A41}.Debug|Any CPU.Build.0 = Debug|Any CPU
		{65301877-9BB5-4F3E-AD0B-95CE6A128A41}.Debug|x64.ActiveCfg = Debug|Any CPU
		{65301877-9BB5-4F3E-AD0B-95CE6A128A41}.Debug|x64.Build.0 = Debug|Any CPU
		{65301877-9BB5-4F3E-AD0B-95CE6A128A41}.Debug|x86.ActiveCfg = Debug|Any CPU
		{65301877-9BB5-4F3E-AD0B-95CE6A128A41}.Debug|x86.Build.0 = Debug|Any CPU
		{65301877-9BB5-4F3E-AD0B-95CE6A128A41}.Release|Any CPU.ActiveCfg = Release|Any CPU
		{65301877-9BB5-4F3E-AD0B-95CE6A128A41}.Release|Any CPU.Build.0 = Release|Any CPU
		{65301877-9BB5-4F3E-AD0B-95CE6A128A41}.Release|x64.ActiveCfg = Release|Any CPU
		{65301877-9BB5-4F3E-AD0B-95CE6A128A41}.Release|x64.Build.0 = Release|Any CPU
		{65301877-9BB5-4F3E-AD0B-95CE6A128A41}.Release|x86.ActiveCfg = Release|Any CPU
		{65301877-9BB5-4F3E-AD0B-95CE6A128A41}.Release|x86.Build.0 = Release|Any CPU
		{BD0D8E7A-6C00-4752-9B2C-95544E3B64AA}.Debug|Any CPU.ActiveCfg = Debug|Any CPU
		{BD0D8E7A-6C00-4752-9B2C-95544E3B64AA}.Debug|Any CPU.Build.0 = Debug|Any CPU
		{BD0D8E7A-6C00-4752-9B2C-95544E3B64AA}.Debug|x64.ActiveCfg = Debug|Any CPU
		{BD0D8E7A-6C00-4752-9B2C-95544E3B64AA}.Debug|x64.Build.0 = Debug|Any CPU
		{BD0D8E7A-6C00-4752-9B2C-95544E3B64AA}.Debug|x86.ActiveCfg = Debug|Any CPU
		{BD0D8E7A-6C00-4752-9B2C-95544E3B64AA}.Debug|x86.Build.0 = Debug|Any CPU
		{BD0D8E7A-6C00-4752-9B2C-95544E3B64AA}.Release|Any CPU.ActiveCfg = Release|Any CPU
		{BD0D8E7A-6C00-4752-9B2C-95544E3B64AA}.Release|Any CPU.Build.0 = Release|Any CPU
		{BD0D8E7A-6C00-4752-9B2C-95544E3B64AA}.Release|x64.ActiveCfg = Release|Any CPU
		{BD0D8E7A-6C00-4752-9B2C-95544E3B64AA}.Release|x64.Build.0 = Release|Any CPU
		{BD0D8E7A-6C00-4752-9B2C-95544E3B64AA}.Release|x86.ActiveCfg = Release|Any CPU
		{BD0D8E7A-6C00-4752-9B2C-95544E3B64AA}.Release|x86.Build.0 = Release|Any CPU
	EndGlobalSection
	GlobalSection(SolutionProperties) = preSolution
		HideSolutionNode = FALSE
	EndGlobalSection
EndGlobal
